
Microsoft Visual Studio Solution File, Format Version 12.00
# Visual Studio Version 17
VisualStudioVersion = 17.5.002.0
MinimumVisualStudioVersion = 10.0.40219.1
Project("{2150E333-8FDC-42A3-9474-1A3956D46DE8}") = "csharp-prep", "csharp-prep", "{F45B474A-97C5-478A-B9B0-6FC9B471578B}"
EndProject
Project("{9A19103F-16F7-4668-BE54-9A1E7A4F7556}") = "Prep1", "csharp-prep\Prep1\Prep1.csproj", "{21FBAC59-C3AD-4512-A07E-CA6A349AC5B5}"
EndProject
Project("{9A19103F-16F7-4668-BE54-9A1E7A4F7556}") = "Prep2", "csharp-prep\Prep2\Prep2.csproj", "{BE1C903F-4959-419F-9C7E-6A5AC5D73009}"
EndProject
Project("{9A19103F-16F7-4668-BE54-9A1E7A4F7556}") = "Prep3", "csharp-prep\Prep3\Prep3.csproj", "{851E6CB4-2E13-46F5-B421-031646C7355D}"
EndProject
Project("{9A19103F-16F7-4668-BE54-9A1E7A4F7556}") = "Prep4", "csharp-prep\Prep4\Prep4.csproj", "{18A49D3E-6C45-4142-B6CB-AA0D2F29961E}"
EndProject
Project("{9A19103F-16F7-4668-BE54-9A1E7A4F7556}") = "Prep5", "csharp-prep\Prep5\Prep5.csproj", "{753C0267-303E-40C2-94FD-3951EDBF6E4B}"
EndProject
Project("{2150E333-8FDC-42A3-9474-1A3956D46DE8}") = "final", "final", "{AA595E28-8357-4411-BAC5-C570478A79D5}"
EndProject
Project("{9A19103F-16F7-4668-BE54-9A1E7A4F7556}") = "FinalProject", "final\FinalProject\FinalProject.csproj", "{2AD9657B-CF0E-4829-B927-BB3C644B24AB}"
EndProject
Project("{9A19103F-16F7-4668-BE54-9A1E7A4F7556}") = "Foundation1", "final\Foundation1\Foundation1.csproj", "{AED9579D-31FD-4CE6-BAFC-25DEF2352778}"
EndProject
Project("{9A19103F-16F7-4668-BE54-9A1E7A4F7556}") = "Foundation2", "final\Foundation2\Foundation2.csproj", "{8A1CECC2-F8B3-4B47-9750-1BF048541883}"
EndProject
Project("{9A19103F-16F7-4668-BE54-9A1E7A4F7556}") = "Foundation3", "final\Foundation3\Foundation3.csproj", "{4F98745D-F352-41EA-8EEE-A2C995993C96}"
EndProject
Project("{9A19103F-16F7-4668-BE54-9A1E7A4F7556}") = "Foundation4", "final\Foundation4\Foundation4.csproj", "{D92B3D8F-A2B6-4FB9-B2B4-EBEE4E5EC7CE}"
EndProject
Project("{2150E333-8FDC-42A3-9474-1A3956D46DE8}") = "prepare", "prepare", "{4A3897F9-A7D8-4515-82E9-C7EAE02CDDFB}"
EndProject
Project("{9A19103F-16F7-4668-BE54-9A1E7A4F7556}") = "Learning02", "prepare\Learning02\Learning02.csproj", "{15742C42-6F04-47BA-8C98-EAB237EA08C2}"
EndProject
Project("{9A19103F-16F7-4668-BE54-9A1E7A4F7556}") = "Learning03", "prepare\Learning03\Learning03.csproj", "{85F72DDC-29BF-45CF-AA2E-B4D3CD3D2F9D}"
EndProject
Project("{9A19103F-16F7-4668-BE54-9A1E7A4F7556}") = "Learning04", "prepare\Learning04\Learning04.csproj", "{2441449E-9E58-4AD0-B500-6E3271623B91}"
EndProject
Project("{9A19103F-16F7-4668-BE54-9A1E7A4F7556}") = "Learning05", "prepare\Learning05\Learning05.csproj", "{EDDE8535-F7CD-430B-A7DB-F0EA699268AA}"
EndProject
Project("{2150E333-8FDC-42A3-9474-1A3956D46DE8}") = "prove", "prove", "{B5EDD51E-113A-453A-A297-695D673A55A4}"
EndProject
Project("{9A19103F-16F7-4668-BE54-9A1E7A4F7556}") = "Develop02", "prove\Develop02\Develop02.csproj", "{17F2919F-F783-4995-B621-44BEA5FF69E3}"
EndProject
Project("{9A19103F-16F7-4668-BE54-9A1E7A4F7556}") = "Develop03", "prove\Develop03\Develop03.csproj", "{1FB7C801-C36F-46F7-9EE1-5CCFED25122F}"
EndProject
Project("{9A19103F-16F7-4668-BE54-9A1E7A4F7556}") = "Develop04", "prove\Develop04\Develop04.csproj", "{A5E62588-BF10-4193-A49D-0C30CD5AFF8B}"
EndProject
Project("{9A19103F-16F7-4668-BE54-9A1E7A4F7556}") = "Develop05", "prove\Develop05\Develop05.csproj", "{62CEA5DD-1D47-4B5F-8A97-9BF08D24CB9C}"
EndProject
Project("{2150E333-8FDC-42A3-9474-1A3956D46DE8}") = "sandbox", "sandbox", "{F15EFB4D-3FC3-4853-8914-79D96173D96A}"
EndProject
Project("{9A19103F-16F7-4668-BE54-9A1E7A4F7556}") = "Sandbox", "sandbox\Sandbox\Sandbox.csproj", "{D68873DB-02A2-4E1E-A402-08A73FB40ABB}"
EndProject
Global
	GlobalSection(SolutionConfigurationPlatforms) = preSolution
		Debug|Any CPU = Debug|Any CPU
		Release|Any CPU = Release|Any CPU
	EndGlobalSection
	GlobalSection(ProjectConfigurationPlatforms) = postSolution
		{21FBAC59-C3AD-4512-A07E-CA6A349AC5B5}.Debug|Any CPU.ActiveCfg = Debug|Any CPU
		{21FBAC59-C3AD-4512-A07E-CA6A349AC5B5}.Debug|Any CPU.Build.0 = Debug|Any CPU
		{21FBAC59-C3AD-4512-A07E-CA6A349AC5B5}.Release|Any CPU.ActiveCfg = Release|Any CPU
		{21FBAC59-C3AD-4512-A07E-CA6A349AC5B5}.Release|Any CPU.Build.0 = Release|Any CPU
		{BE1C903F-4959-419F-9C7E-6A5AC5D73009}.Debug|Any CPU.ActiveCfg = Debug|Any CPU
		{BE1C903F-4959-419F-9C7E-6A5AC5D73009}.Debug|Any CPU.Build.0 = Debug|Any CPU
		{BE1C903F-4959-419F-9C7E-6A5AC5D73009}.Release|Any CPU.ActiveCfg = Release|Any CPU
		{BE1C903F-4959-419F-9C7E-6A5AC5D73009}.Release|Any CPU.Build.0 = Release|Any CPU
		{851E6CB4-2E13-46F5-B421-031646C7355D}.Debug|Any CPU.ActiveCfg = Debug|Any CPU
		{851E6CB4-2E13-46F5-B421-031646C7355D}.Debug|Any CPU.Build.0 = Debug|Any CPU
		{851E6CB4-2E13-46F5-B421-031646C7355D}.Release|Any CPU.ActiveCfg = Release|Any CPU
		{851E6CB4-2E13-46F5-B421-031646C7355D}.Release|Any CPU.Build.0 = Release|Any CPU
		{18A49D3E-6C45-4142-B6CB-AA0D2F29961E}.Debug|Any CPU.ActiveCfg = Debug|Any CPU
		{18A49D3E-6C45-4142-B6CB-AA0D2F29961E}.Debug|Any CPU.Build.0 = Debug|Any CPU
		{18A49D3E-6C45-4142-B6CB-AA0D2F29961E}.Release|Any CPU.ActiveCfg = Release|Any CPU
		{18A49D3E-6C45-4142-B6CB-AA0D2F29961E}.Release|Any CPU.Build.0 = Release|Any CPU
		{753C0267-303E-40C2-94FD-3951EDBF6E4B}.Debug|Any CPU.ActiveCfg = Debug|Any CPU
		{753C0267-303E-40C2-94FD-3951EDBF6E4B}.Debug|Any CPU.Build.0 = Debug|Any CPU
		{753C0267-303E-40C2-94FD-3951EDBF6E4B}.Release|Any CPU.ActiveCfg = Release|Any CPU
		{753C0267-303E-40C2-94FD-3951EDBF6E4B}.Release|Any CPU.Build.0 = Release|Any CPU
		{2AD9657B-CF0E-4829-B927-BB3C644B24AB}.Debug|Any CPU.ActiveCfg = Debug|Any CPU
		{2AD9657B-CF0E-4829-B927-BB3C644B24AB}.Debug|Any CPU.Build.0 = Debug|Any CPU
		{2AD9657B-CF0E-4829-B927-BB3C644B24AB}.Release|Any CPU.ActiveCfg = Release|Any CPU
		{2AD9657B-CF0E-4829-B927-BB3C644B24AB}.Release|Any CPU.Build.0 = Release|Any CPU
		{AED9579D-31FD-4CE6-BAFC-25DEF2352778}.Debug|Any CPU.ActiveCfg = Debug|Any CPU
		{AED9579D-31FD-4CE6-BAFC-25DEF2352778}.Debug|Any CPU.Build.0 = Debug|Any CPU
		{AED9579D-31FD-4CE6-BAFC-25DEF2352778}.Release|Any CPU.ActiveCfg = Release|Any CPU
		{AED9579D-31FD-4CE6-BAFC-25DEF2352778}.Release|Any CPU.Build.0 = Release|Any CPU
		{8A1CECC2-F8B3-4B47-9750-1BF048541883}.Debug|Any CPU.ActiveCfg = Debug|Any CPU
		{8A1CECC2-F8B3-4B47-9750-1BF048541883}.Debug|Any CPU.Build.0 = Debug|Any CPU
		{8A1CECC2-F8B3-4B47-9750-1BF048541883}.Release|Any CPU.ActiveCfg = Release|Any CPU
		{8A1CECC2-F8B3-4B47-9750-1BF048541883}.Release|Any CPU.Build.0 = Release|Any CPU
		{4F98745D-F352-41EA-8EEE-A2C995993C96}.Debug|Any CPU.ActiveCfg = Debug|Any CPU
		{4F98745D-F352-41EA-8EEE-A2C995993C96}.Debug|Any CPU.Build.0 = Debug|Any CPU
		{4F98745D-F352-41EA-8EEE-A2C995993C96}.Release|Any CPU.ActiveCfg = Release|Any CPU
		{4F98745D-F352-41EA-8EEE-A2C995993C96}.Release|Any CPU.Build.0 = Release|Any CPU
		{D92B3D8F-A2B6-4FB9-B2B4-EBEE4E5EC7CE}.Debug|Any CPU.ActiveCfg = Debug|Any CPU
		{D92B3D8F-A2B6-4FB9-B2B4-EBEE4E5EC7CE}.Debug|Any CPU.Build.0 = Debug|Any CPU
		{D92B3D8F-A2B6-4FB9-B2B4-EBEE4E5EC7CE}.Release|Any CPU.ActiveCfg = Release|Any CPU
		{D92B3D8F-A2B6-4FB9-B2B4-EBEE4E5EC7CE}.Release|Any CPU.Build.0 = Release|Any CPU
		{15742C42-6F04-47BA-8C98-EAB237EA08C2}.Debug|Any CPU.ActiveCfg = Debug|Any CPU
		{15742C42-6F04-47BA-8C98-EAB237EA08C2}.Debug|Any CPU.Build.0 = Debug|Any CPU
		{15742C42-6F04-47BA-8C98-EAB237EA08C2}.Release|Any CPU.ActiveCfg = Release|Any CPU
		{15742C42-6F04-47BA-8C98-EAB237EA08C2}.Release|Any CPU.Build.0 = Release|Any CPU
		{85F72DDC-29BF-45CF-AA2E-B4D3CD3D2F9D}.Debug|Any CPU.ActiveCfg = Debug|Any CPU
		{85F72DDC-29BF-45CF-AA2E-B4D3CD3D2F9D}.Debug|Any CPU.Build.0 = Debug|Any CPU
		{85F72DDC-29BF-45CF-AA2E-B4D3CD3D2F9D}.Release|Any CPU.ActiveCfg = Release|Any CPU
		{85F72DDC-29BF-45CF-AA2E-B4D3CD3D2F9D}.Release|Any CPU.Build.0 = Release|Any CPU
		{2441449E-9E58-4AD0-B500-6E3271623B91}.Debug|Any CPU.ActiveCfg = Debug|Any CPU
		{2441449E-9E58-4AD0-B500-6E3271623B91}.Debug|Any CPU.Build.0 = Debug|Any CPU
		{2441449E-9E58-4AD0-B500-6E3271623B91}.Release|Any CPU.ActiveCfg = Release|Any CPU
		{2441449E-9E58-4AD0-B500-6E3271623B91}.Release|Any CPU.Build.0 = Release|Any CPU
		{EDDE8535-F7CD-430B-A7DB-F0EA699268AA}.Debug|Any CPU.ActiveCfg = Debug|Any CPU
		{EDDE8535-F7CD-430B-A7DB-F0EA699268AA}.Debug|Any CPU.Build.0 = Debug|Any CPU
		{EDDE8535-F7CD-430B-A7DB-F0EA699268AA}.Release|Any CPU.ActiveCfg = Release|Any CPU
		{EDDE8535-F7CD-430B-A7DB-F0EA699268AA}.Release|Any CPU.Build.0 = Release|Any CPU
		{17F2919F-F783-4995-B621-44BEA5FF69E3}.Debug|Any CPU.ActiveCfg = Debug|Any CPU
		{17F2919F-F783-4995-B621-44BEA5FF69E3}.Debug|Any CPU.Build.0 = Debug|Any CPU
		{17F2919F-F783-4995-B621-44BEA5FF69E3}.Release|Any CPU.ActiveCfg = Release|Any CPU
		{17F2919F-F783-4995-B621-44BEA5FF69E3}.Release|Any CPU.Build.0 = Release|Any CPU
		{1FB7C801-C36F-46F7-9EE1-5CCFED25122F}.Debug|Any CPU.ActiveCfg = Debug|Any CPU
		{1FB7C801-C36F-46F7-9EE1-5CCFED25122F}.Debug|Any CPU.Build.0 = Debug|Any CPU
		{1FB7C801-C36F-46F7-9EE1-5CCFED25122F}.Release|Any CPU.ActiveCfg = Release|Any CPU
		{1FB7C801-C36F-46F7-9EE1-5CCFED25122F}.Release|Any CPU.Build.0 = Release|Any CPU
		{A5E62588-BF10-4193-A49D-0C30CD5AFF8B}.Debug|Any CPU.ActiveCfg = Debug|Any CPU
		{A5E62588-BF10-4193-A49D-0C30CD5AFF8B}.Debug|Any CPU.Build.0 = Debug|Any CPU
		{A5E62588-BF10-4193-A49D-0C30CD5AFF8B}.Release|Any CPU.ActiveCfg = Release|Any CPU
		{A5E62588-BF10-4193-A49D-0C30CD5AFF8B}.Release|Any CPU.Build.0 = Release|Any CPU
		{62CEA5DD-1D47-4B5F-8A97-9BF08D24CB9C}.Debug|Any CPU.ActiveCfg = Debug|Any CPU
		{62CEA5DD-1D47-4B5F-8A97-9BF08D24CB9C}.Debug|Any CPU.Build.0 = Debug|Any CPU
		{62CEA5DD-1D47-4B5F-8A97-9BF08D24CB9C}.Release|Any CPU.ActiveCfg = Release|Any CPU
		{62CEA5DD-1D47-4B5F-8A97-9BF08D24CB9C}.Release|Any CPU.Build.0 = Release|Any CPU
		{D68873DB-02A2-4E1E-A402-08A73FB40ABB}.Debug|Any CPU.ActiveCfg = Debug|Any CPU
		{D68873DB-02A2-4E1E-A402-08A73FB40ABB}.Debug|Any CPU.Build.0 = Debug|Any CPU
		{D68873DB-02A2-4E1E-A402-08A73FB40ABB}.Release|Any CPU.ActiveCfg = Release|Any CPU
		{D68873DB-02A2-4E1E-A402-08A73FB40ABB}.Release|Any CPU.Build.0 = Release|Any CPU
	EndGlobalSection
	GlobalSection(SolutionProperties) = preSolution
		HideSolutionNode = FALSE
	EndGlobalSection
	GlobalSection(NestedProjects) = preSolution
		{21FBAC59-C3AD-4512-A07E-CA6A349AC5B5} = {F45B474A-97C5-478A-B9B0-6FC9B471578B}
		{BE1C903F-4959-419F-9C7E-6A5AC5D73009} = {F45B474A-97C5-478A-B9B0-6FC9B471578B}
		{851E6CB4-2E13-46F5-B421-031646C7355D} = {F45B474A-97C5-478A-B9B0-6FC9B471578B}
		{18A49D3E-6C45-4142-B6CB-AA0D2F29961E} = {F45B474A-97C5-478A-B9B0-6FC9B471578B}
		{753C0267-303E-40C2-94FD-3951EDBF6E4B} = {F45B474A-97C5-478A-B9B0-6FC9B471578B}
		{2AD9657B-CF0E-4829-B927-BB3C644B24AB} = {AA595E28-8357-4411-BAC5-C570478A79D5}
		{AED9579D-31FD-4CE6-BAFC-25DEF2352778} = {AA595E28-8357-4411-BAC5-C570478A79D5}
		{8A1CECC2-F8B3-4B47-9750-1BF048541883} = {AA595E28-8357-4411-BAC5-C570478A79D5}
		{4F98745D-F352-41EA-8EEE-A2C995993C96} = {AA595E28-8357-4411-BAC5-C570478A79D5}
		{D92B3D8F-A2B6-4FB9-B2B4-EBEE4E5EC7CE} = {AA595E28-8357-4411-BAC5-C570478A79D5}
		{15742C42-6F04-47BA-8C98-EAB237EA08C2} = {4A3897F9-A7D8-4515-82E9-C7EAE02CDDFB}
		{85F72DDC-29BF-45CF-AA2E-B4D3CD3D2F9D} = {4A3897F9-A7D8-4515-82E9-C7EAE02CDDFB}
		{2441449E-9E58-4AD0-B500-6E3271623B91} = {4A3897F9-A7D8-4515-82E9-C7EAE02CDDFB}
		{EDDE8535-F7CD-430B-A7DB-F0EA699268AA} = {4A3897F9-A7D8-4515-82E9-C7EAE02CDDFB}
		{17F2919F-F783-4995-B621-44BEA5FF69E3} = {B5EDD51E-113A-453A-A297-695D673A55A4}
		{1FB7C801-C36F-46F7-9EE1-5CCFED25122F} = {B5EDD51E-113A-453A-A297-695D673A55A4}
		{A5E62588-BF10-4193-A49D-0C30CD5AFF8B} = {B5EDD51E-113A-453A-A297-695D673A55A4}
		{62CEA5DD-1D47-4B5F-8A97-9BF08D24CB9C} = {B5EDD51E-113A-453A-A297-695D673A55A4}
		{D68873DB-02A2-4E1E-A402-08A73FB40ABB} = {F15EFB4D-3FC3-4853-8914-79D96173D96A}
	EndGlobalSection
	GlobalSection(ExtensibilityGlobals) = postSolution
		SolutionGuid = {52D58EED-8EC2-418F-964B-4FB033F6AF63}
	EndGlobalSection
EndGlobal
